
Microsoft Visual Studio Solution File, Format Version 12.00
# Visual Studio Version 17
VisualStudioVersion = 17.3.32519.111
MinimumVisualStudioVersion = 10.0.40219.1
Project("{9A19103F-16F7-4668-BE54-9A1E7A4F7556}") = "Eatagram.Core.Api.Tests", "Eatagram.Core.Api.Tests\Eatagram.Core.Api.Tests.csproj", "{30B54D68-C312-4B0E-A67E-DA1695B2BA2A}"
EndProject
Project("{9A19103F-16F7-4668-BE54-9A1E7A4F7556}") = "Eatagram.Core", "Eatagram.Core\Eatagram.Core.csproj", "{56168C2B-E134-4981-978D-E79E876E948E}"
EndProject
Project("{9A19103F-16F7-4668-BE54-9A1E7A4F7556}") = "Eatagram.Core.Data.EntityFramework", "Eatagram.Core.Data.EntityFramework\Eatagram.Core.Data.EntityFramework.csproj", "{8AFCC55C-EB04-4D72-A132-C865A8A46126}"
EndProject
Project("{9A19103F-16F7-4668-BE54-9A1E7A4F7556}") = "Eatagram.Core.Api", "Eatagram.Core.Api\Eatagram.Core.Api.csproj", "{756E9D8E-D9A4-4E47-8823-AECE0F115921}"
EndProject
Project("{2150E333-8FDC-42A3-9474-1A3956D46DE8}") = "server", "server", "{0A85676F-ED41-471F-81C0-FF1E0A62A097}"
EndProject
Project("{9A19103F-16F7-4668-BE54-9A1E7A4F7556}") = "Eatagram.Core.MongoDb", "Eatagram.Core.MongoDb\Eatagram.Core.MongoDb.csproj", "{AA063767-C122-45C1-BB6F-B35D9A1E8C48}"
EndProject
Project("{2150E333-8FDC-42A3-9474-1A3956D46DE8}") = "framework", "framework", "{A6199AB4-DB85-4524-8556-7D191BBE3C1E}"
EndProject
Project("{9A19103F-16F7-4668-BE54-9A1E7A4F7556}") = "Eatagram.Framework.Logger", "Eatagram.Framework.Logger\Eatagram.Framework.Logger.csproj", "{17D8E211-B221-4606-8402-F0E734196EC5}"
EndProject
Project("{2150E333-8FDC-42A3-9474-1A3956D46DE8}") = "external", "external", "{E2111105-56BF-437E-9209-3A8DE09B6198}"
EndProject
Project("{9A19103F-16F7-4668-BE54-9A1E7A4F7556}") = "Eatagram.AzureAuth.Cli", "Eatagram.AzureAuth.Cli\Eatagram.AzureAuth.Cli.csproj", "{31B50188-C95A-44C5-9246-158AB9FF16EA}"
EndProject
Project("{2150E333-8FDC-42A3-9474-1A3956D46DE8}") = "client", "client", "{EB9B9DE8-0841-4F5E-82AD-CCAFD08F1829}"
EndProject
Project("{9A19103F-16F7-4668-BE54-9A1E7A4F7556}") = "Eatagram.SDK", "Eatagram.SDK\Eatagram.SDK.csproj", "{AC8623CD-ED24-4AE6-A5D4-1DFA95382B0C}"
EndProject
Project("{FAE04EC0-301F-11D3-BF4B-00C04F79EFBC}") = "Eatagram.Tester", "Eatagram.Tester\Eatagram.Tester.csproj", "{766F58E6-69E2-48BE-9C46-5A1CC2A38AE4}"
EndProject
Global
	GlobalSection(SolutionConfigurationPlatforms) = preSolution
		Debug|Any CPU = Debug|Any CPU
		Release|Any CPU = Release|Any CPU
	EndGlobalSection
	GlobalSection(ProjectConfigurationPlatforms) = postSolution
		{30B54D68-C312-4B0E-A67E-DA1695B2BA2A}.Debug|Any CPU.ActiveCfg = Debug|Any CPU
		{30B54D68-C312-4B0E-A67E-DA1695B2BA2A}.Debug|Any CPU.Build.0 = Debug|Any CPU
		{30B54D68-C312-4B0E-A67E-DA1695B2BA2A}.Release|Any CPU.ActiveCfg = Release|Any CPU
		{30B54D68-C312-4B0E-A67E-DA1695B2BA2A}.Release|Any CPU.Build.0 = Release|Any CPU
		{56168C2B-E134-4981-978D-E79E876E948E}.Debug|Any CPU.ActiveCfg = Debug|Any CPU
		{56168C2B-E134-4981-978D-E79E876E948E}.Debug|Any CPU.Build.0 = Debug|Any CPU
		{56168C2B-E134-4981-978D-E79E876E948E}.Release|Any CPU.ActiveCfg = Release|Any CPU
		{56168C2B-E134-4981-978D-E79E876E948E}.Release|Any CPU.Build.0 = Release|Any CPU
		{8AFCC55C-EB04-4D72-A132-C865A8A46126}.Debug|Any CPU.ActiveCfg = Debug|Any CPU
		{8AFCC55C-EB04-4D72-A132-C865A8A46126}.Debug|Any CPU.Build.0 = Debug|Any CPU
		{8AFCC55C-EB04-4D72-A132-C865A8A46126}.Release|Any CPU.ActiveCfg = Release|Any CPU
		{8AFCC55C-EB04-4D72-A132-C865A8A46126}.Release|Any CPU.Build.0 = Release|Any CPU
		{756E9D8E-D9A4-4E47-8823-AECE0F115921}.Debug|Any CPU.ActiveCfg = Debug|Any CPU
		{756E9D8E-D9A4-4E47-8823-AECE0F115921}.Debug|Any CPU.Build.0 = Debug|Any CPU
		{756E9D8E-D9A4-4E47-8823-AECE0F115921}.Release|Any CPU.ActiveCfg = Release|Any CPU
		{756E9D8E-D9A4-4E47-8823-AECE0F115921}.Release|Any CPU.Build.0 = Release|Any CPU
		{AA063767-C122-45C1-BB6F-B35D9A1E8C48}.Debug|Any CPU.ActiveCfg = Debug|Any CPU
		{AA063767-C122-45C1-BB6F-B35D9A1E8C48}.Debug|Any CPU.Build.0 = Debug|Any CPU
		{AA063767-C122-45C1-BB6F-B35D9A1E8C48}.Release|Any CPU.ActiveCfg = Release|Any CPU
		{AA063767-C122-45C1-BB6F-B35D9A1E8C48}.Release|Any CPU.Build.0 = Release|Any CPU
		{17D8E211-B221-4606-8402-F0E734196EC5}.Debug|Any CPU.ActiveCfg = Debug|Any CPU
		{17D8E211-B221-4606-8402-F0E734196EC5}.Debug|Any CPU.Build.0 = Debug|Any CPU
		{17D8E211-B221-4606-8402-F0E734196EC5}.Release|Any CPU.ActiveCfg = Release|Any CPU
		{17D8E211-B221-4606-8402-F0E734196EC5}.Release|Any CPU.Build.0 = Release|Any CPU
		{31B50188-C95A-44C5-9246-158AB9FF16EA}.Debug|Any CPU.ActiveCfg = Debug|Any CPU
		{31B50188-C95A-44C5-9246-158AB9FF16EA}.Debug|Any CPU.Build.0 = Debug|Any CPU
		{31B50188-C95A-44C5-9246-158AB9FF16EA}.Release|Any CPU.ActiveCfg = Release|Any CPU
		{31B50188-C95A-44C5-9246-158AB9FF16EA}.Release|Any CPU.Build.0 = Release|Any CPU
		{AC8623CD-ED24-4AE6-A5D4-1DFA95382B0C}.Debug|Any CPU.ActiveCfg = Debug|Any CPU
		{AC8623CD-ED24-4AE6-A5D4-1DFA95382B0C}.Debug|Any CPU.Build.0 = Debug|Any CPU
		{AC8623CD-ED24-4AE6-A5D4-1DFA95382B0C}.Release|Any CPU.ActiveCfg = Release|Any CPU
		{AC8623CD-ED24-4AE6-A5D4-1DFA95382B0C}.Release|Any CPU.Build.0 = Release|Any CPU
		{766F58E6-69E2-48BE-9C46-5A1CC2A38AE4}.Debug|Any CPU.ActiveCfg = Debug|Any CPU
		{766F58E6-69E2-48BE-9C46-5A1CC2A38AE4}.Debug|Any CPU.Build.0 = Debug|Any CPU
		{766F58E6-69E2-48BE-9C46-5A1CC2A38AE4}.Release|Any CPU.ActiveCfg = Release|Any CPU
		{766F58E6-69E2-48BE-9C46-5A1CC2A38AE4}.Release|Any CPU.Build.0 = Release|Any CPU
	EndGlobalSection
	GlobalSection(SolutionProperties) = preSolution
		HideSolutionNode = FALSE
	EndGlobalSection
	GlobalSection(NestedProjects) = preSolution
		{30B54D68-C312-4B0E-A67E-DA1695B2BA2A} = {0A85676F-ED41-471F-81C0-FF1E0A62A097}
		{56168C2B-E134-4981-978D-E79E876E948E} = {0A85676F-ED41-471F-81C0-FF1E0A62A097}
		{8AFCC55C-EB04-4D72-A132-C865A8A46126} = {0A85676F-ED41-471F-81C0-FF1E0A62A097}
		{756E9D8E-D9A4-4E47-8823-AECE0F115921} = {0A85676F-ED41-471F-81C0-FF1E0A62A097}
		{AA063767-C122-45C1-BB6F-B35D9A1E8C48} = {0A85676F-ED41-471F-81C0-FF1E0A62A097}
		{17D8E211-B221-4606-8402-F0E734196EC5} = {A6199AB4-DB85-4524-8556-7D191BBE3C1E}
		{31B50188-C95A-44C5-9246-158AB9FF16EA} = {E2111105-56BF-437E-9209-3A8DE09B6198}
		{AC8623CD-ED24-4AE6-A5D4-1DFA95382B0C} = {EB9B9DE8-0841-4F5E-82AD-CCAFD08F1829}
		{766F58E6-69E2-48BE-9C46-5A1CC2A38AE4} = {EB9B9DE8-0841-4F5E-82AD-CCAFD08F1829}
	EndGlobalSection
	GlobalSection(ExtensibilityGlobals) = postSolution
		SolutionGuid = {5CC2804B-EB90-439C-AD3C-E99FAC1362D0}
	EndGlobalSection
EndGlobal
